
Microsoft Visual Studio Solution File, Format Version 12.00
# Visual Studio Version 16
VisualStudioVersion = 16.0.29403.142
MinimumVisualStudioVersion = 10.0.40219.1
Project("{FAE04EC0-301F-11D3-BF4B-00C04F79EFBC}") = "RevitJournal.UI", "RevitJournal.UI\RevitJournal.UI.csproj", "{BD7A451C-0159-4EDA-8E63-A5FC72089F84}"
	ProjectSection(ProjectDependencies) = postProject
		{28C6C9A0-B934-4A59-B207-566027F6FA32} = {28C6C9A0-B934-4A59-B207-566027F6FA32}
	EndProjectSection
EndProject
Project("{FAE04EC0-301F-11D3-BF4B-00C04F79EFBC}") = "RevitJournal", "RevitJournal\RevitJournal.csproj", "{3681F659-8BD6-4D3E-A008-8C0D64E95377}"
EndProject
Project("{FAE04EC0-301F-11D3-BF4B-00C04F79EFBC}") = "RevitCommand", "RevitCommand\RevitCommand.csproj", "{28C6C9A0-B934-4A59-B207-566027F6FA32}"
EndProject
Project("{FAE04EC0-301F-11D3-BF4B-00C04F79EFBC}") = "DataSource", "DataSource\DataSource.csproj", "{241F97FA-369A-49FE-8D6A-BF61B2050AD9}"
EndProject
Project("{FAE04EC0-301F-11D3-BF4B-00C04F79EFBC}") = "RevitAction", "RevitAction\RevitAction.csproj", "{E89E17ED-9AD7-4562-B5F6-8D0121FBDA10}"
EndProject
Project("{FAE04EC0-301F-11D3-BF4B-00C04F79EFBC}") = "Utilities", "Utilities\Utilities.csproj", "{C32F0DC7-ACBA-4802-90D1-BD7641CA851E}"
EndProject
Global
	GlobalSection(SolutionConfigurationPlatforms) = preSolution
		Debug|Any CPU = Debug|Any CPU
		Release|Any CPU = Release|Any CPU
	EndGlobalSection
	GlobalSection(ProjectConfigurationPlatforms) = postSolution
		{BD7A451C-0159-4EDA-8E63-A5FC72089F84}.Debug|Any CPU.ActiveCfg = Debug|Any CPU
		{BD7A451C-0159-4EDA-8E63-A5FC72089F84}.Debug|Any CPU.Build.0 = Debug|Any CPU
		{BD7A451C-0159-4EDA-8E63-A5FC72089F84}.Release|Any CPU.ActiveCfg = Release|Any CPU
		{BD7A451C-0159-4EDA-8E63-A5FC72089F84}.Release|Any CPU.Build.0 = Release|Any CPU
		{3681F659-8BD6-4D3E-A008-8C0D64E95377}.Debug|Any CPU.ActiveCfg = Debug|Any CPU
		{3681F659-8BD6-4D3E-A008-8C0D64E95377}.Debug|Any CPU.Build.0 = Debug|Any CPU
		{3681F659-8BD6-4D3E-A008-8C0D64E95377}.Release|Any CPU.ActiveCfg = Release|Any CPU
		{3681F659-8BD6-4D3E-A008-8C0D64E95377}.Release|Any CPU.Build.0 = Release|Any CPU
		{28C6C9A0-B934-4A59-B207-566027F6FA32}.Debug|Any CPU.ActiveCfg = Debug|Any CPU
		{28C6C9A0-B934-4A59-B207-566027F6FA32}.Debug|Any CPU.Build.0 = Debug|Any CPU
		{28C6C9A0-B934-4A59-B207-566027F6FA32}.Release|Any CPU.ActiveCfg = Release|Any CPU
		{28C6C9A0-B934-4A59-B207-566027F6FA32}.Release|Any CPU.Build.0 = Release|Any CPU
		{241F97FA-369A-49FE-8D6A-BF61B2050AD9}.Debug|Any CPU.ActiveCfg = Debug|Any CPU
		{241F97FA-369A-49FE-8D6A-BF61B2050AD9}.Debug|Any CPU.Build.0 = Debug|Any CPU
		{241F97FA-369A-49FE-8D6A-BF61B2050AD9}.Release|Any CPU.ActiveCfg = Release|Any CPU
		{241F97FA-369A-49FE-8D6A-BF61B2050AD9}.Release|Any CPU.Build.0 = Release|Any CPU
		{E89E17ED-9AD7-4562-B5F6-8D0121FBDA10}.Debug|Any CPU.ActiveCfg = Debug|Any CPU
		{E89E17ED-9AD7-4562-B5F6-8D0121FBDA10}.Debug|Any CPU.Build.0 = Debug|Any CPU
		{E89E17ED-9AD7-4562-B5F6-8D0121FBDA10}.Release|Any CPU.ActiveCfg = Release|Any CPU
		{E89E17ED-9AD7-4562-B5F6-8D0121FBDA10}.Release|Any CPU.Build.0 = Release|Any CPU
		{C32F0DC7-ACBA-4802-90D1-BD7641CA851E}.Debug|Any CPU.ActiveCfg = Debug|Any CPU
		{C32F0DC7-ACBA-4802-90D1-BD7641CA851E}.Debug|Any CPU.Build.0 = Debug|Any CPU
		{C32F0DC7-ACBA-4802-90D1-BD7641CA851E}.Release|Any CPU.ActiveCfg = Release|Any CPU
		{C32F0DC7-ACBA-4802-90D1-BD7641CA851E}.Release|Any CPU.Build.0 = Release|Any CPU
	EndGlobalSection
	GlobalSection(SolutionProperties) = preSolution
		HideSolutionNode = FALSE
	EndGlobalSection
	GlobalSection(ExtensibilityGlobals) = postSolution
		SolutionGuid = {EF59DF5D-1938-4538-A4B1-E41FDBEFF29B}
	EndGlobalSection
EndGlobal
